
Microsoft Visual Studio Solution File, Format Version 12.00
# Visual Studio Version 16
VisualStudioVersion = 16.0.29911.84
MinimumVisualStudioVersion = 10.0.40219.1
Project("{FAE04EC0-301F-11D3-BF4B-00C04F79EFBC}") = "Enum", "Enum\Enum.csproj", "{1C4D9F8E-09ED-4942-93D2-49FD4A069D4A}"
EndProject
Global
	GlobalSection(SolutionConfigurationPlatforms) = preSolution
		Debug|Any CPU = Debug|Any CPU
		Release|Any CPU = Release|Any CPU
	EndGlobalSection
	GlobalSection(ProjectConfigurationPlatforms) = postSolution
		{1C4D9F8E-09ED-4942-93D2-49FD4A069D4A}.Debug|Any CPU.ActiveCfg = Debug|Any CPU
		{1C4D9F8E-09ED-4942-93D2-49FD4A069D4A}.Debug|Any CPU.Build.0 = Debug|Any CPU
		{1C4D9F8E-09ED-4942-93D2-49FD4A069D4A}.Release|Any CPU.ActiveCfg = Release|Any CPU
		{1C4D9F8E-09ED-4942-93D2-49FD4A069D4A}.Release|Any CPU.Build.0 = Release|Any CPU
	EndGlobalSection
	GlobalSection(SolutionProperties) = preSolution
		HideSolutionNode = FALSE
	EndGlobalSection
	GlobalSection(ExtensibilityGlobals) = postSolution
		SolutionGuid = {587E790D-DE8F-42F0-84E9-8D3B844EB9FD}
	EndGlobalSection
EndGlobal
